{
  "name": "trybe_exercicios",
  "lockfileVersion": 2,
  "requires": true,
  "packages": {
    "": {
      "dependencies": {
        "country-flag-icons": "^1.5.5"
      }
    },
    "node_modules/country-flag-icons": {
      "version": "1.5.5",
      "resolved": "https://registry.npmjs.org/country-flag-icons/-/country-flag-icons-1.5.5.tgz",
      "integrity": "sha512-k4WXZ/WvWOSiYXRG1n8EYHNr1m/IX0GffKqAidaet5DrJsDOmJ8Q/8JvvONhZNnKYg24s4lvsm+9og1HcuIU/g=="
    }
  },
  "dependencies": {
    "country-flag-icons": {
      "version": "1.5.5",
      "resolved": "https://registry.npmjs.org/country-flag-icons/-/country-flag-icons-1.5.5.tgz",
      "integrity": "sha512-k4WXZ/WvWOSiYXRG1n8EYHNr1m/IX0GffKqAidaet5DrJsDOmJ8Q/8JvvONhZNnKYg24s4lvsm+9og1HcuIU/g=="
    }
  }
}
