{
  "name": "06.02_javascript-libraries-css-frameworks",
  "version": "1.0.0",
  "lockfileVersion": 2,
  "requires": true,
  "packages": {
    "": {
      "name": "06.02_javascript-libraries-css-frameworks",
      "version": "1.0.0",
      "license": "ISC",
      "dependencies": {
        "bulma": "^0.9.3",
        "just-validate": "^3.2.2",
        "pikaday": "^1.8.2"
      }
    },
    "node_modules/bulma": {
      "version": "0.9.3",
      "resolved": "https://registry.npmjs.org/bulma/-/bulma-0.9.3.tgz",
      "integrity": "sha512-0d7GNW1PY4ud8TWxdNcP6Cc8Bu7MxcntD/RRLGWuiw/s0a9P+XlH/6QoOIrmbj6o8WWJzJYhytiu9nFjTszk1g=="
    },
    "node_modules/just-validate": {
      "version": "3.2.2",
      "resolved": "https://registry.npmjs.org/just-validate/-/just-validate-3.2.2.tgz",
      "integrity": "sha512-j5iprzEuDyNl4H0YMhAmHi3O+GLC3418N3xQsjSt1jOZfXpo+I8GHTK1PaKmTN3ijjmKc3HBmewGEGeN9fm3xA==",
      "engines": {
        "node": "16.x",
        "yarn": "1.x"
      }
    },
    "node_modules/pikaday": {
      "version": "1.8.2",
      "resolved": "https://registry.npmjs.org/pikaday/-/pikaday-1.8.2.tgz",
      "integrity": "sha512-TNtsE+34BIax3WtkB/qqu5uepV1McKYEgvL3kWzU7aqPCpMEN6rBF3AOwu4WCwAealWlBGobXny/9kJb49C1ew=="
    }
  },
  "dependencies": {
    "bulma": {
      "version": "0.9.3",
      "resolved": "https://registry.npmjs.org/bulma/-/bulma-0.9.3.tgz",
      "integrity": "sha512-0d7GNW1PY4ud8TWxdNcP6Cc8Bu7MxcntD/RRLGWuiw/s0a9P+XlH/6QoOIrmbj6o8WWJzJYhytiu9nFjTszk1g=="
    },
    "just-validate": {
      "version": "3.2.2",
      "resolved": "https://registry.npmjs.org/just-validate/-/just-validate-3.2.2.tgz",
      "integrity": "sha512-j5iprzEuDyNl4H0YMhAmHi3O+GLC3418N3xQsjSt1jOZfXpo+I8GHTK1PaKmTN3ijjmKc3HBmewGEGeN9fm3xA=="
    },
    "pikaday": {
      "version": "1.8.2",
      "resolved": "https://registry.npmjs.org/pikaday/-/pikaday-1.8.2.tgz",
      "integrity": "sha512-TNtsE+34BIax3WtkB/qqu5uepV1McKYEgvL3kWzU7aqPCpMEN6rBF3AOwu4WCwAealWlBGobXny/9kJb49C1ew=="
    }
  }
}
