# THIS IS AN AUTOGENERATED FILE. DO NOT EDIT THIS FILE DIRECTLY.
# yarn lockfile v1


"bulma@^0.9.3":
  "integrity" "sha512-0d7GNW1PY4ud8TWxdNcP6Cc8Bu7MxcntD/RRLGWuiw/s0a9P+XlH/6QoOIrmbj6o8WWJzJYhytiu9nFjTszk1g=="
  "resolved" "https://registry.npmjs.org/bulma/-/bulma-0.9.3.tgz"
  "version" "0.9.3"

"just-validate@^3.2.2":
  "integrity" "sha512-j5iprzEuDyNl4H0YMhAmHi3O+GLC3418N3xQsjSt1jOZfXpo+I8GHTK1PaKmTN3ijjmKc3HBmewGEGeN9fm3xA=="
  "resolved" "https://registry.npmjs.org/just-validate/-/just-validate-3.2.2.tgz"
  "version" "3.2.2"

"pikaday@^1.8.2":
  "integrity" "sha512-TNtsE+34BIax3WtkB/qqu5uepV1McKYEgvL3kWzU7aqPCpMEN6rBF3AOwu4WCwAealWlBGobXny/9kJb49C1ew=="
  "resolved" "https://registry.npmjs.org/pikaday/-/pikaday-1.8.2.tgz"
  "version" "1.8.2"
