# THIS IS AN AUTOGENERATED FILE. DO NOT EDIT THIS FILE DIRECTLY.
# yarn lockfile v1


bulma@^0.9.3:
  version "0.9.3"
  resolved "https://registry.yarnpkg.com/bulma/-/bulma-0.9.3.tgz#ddccb7436ebe3e21bf47afe01d3c43a296b70243"
  integrity sha512-0d7GNW1PY4ud8TWxdNcP6Cc8Bu7MxcntD/RRLGWuiw/s0a9P+XlH/6QoOIrmbj6o8WWJzJYhytiu9nFjTszk1g==

just-validate@^3.2.2:
  version "3.2.2"
  resolved "https://registry.yarnpkg.com/just-validate/-/just-validate-3.2.2.tgz#fcc0d4ef263efa8b825f68921c2003e79549b94c"
  integrity sha512-j5iprzEuDyNl4H0YMhAmHi3O+GLC3418N3xQsjSt1jOZfXpo+I8GHTK1PaKmTN3ijjmKc3HBmewGEGeN9fm3xA==
